
Microsoft Visual Studio Solution File, Format Version 12.00
# Visual Studio 2013
VisualStudioVersion = 12.0.40629.0
MinimumVisualStudioVersion = 10.0.40219.1
Project("{FAE04EC0-301F-11D3-BF4B-00C04F79EFBC}") = "HaoShare", "HaoShare\HaoShare.csproj", "{B4432ABB-8F30-436F-91D7-34E6F9A140B8}"
EndProject
Project("{FAE04EC0-301F-11D3-BF4B-00C04F79EFBC}") = "HaoShare.WeiXin", "HaoShare.WeiXin\HaoShare.WeiXin.csproj", "{D9E13B9C-C9A3-4204-9AD7-EB53D15C2D7F}"
EndProject
Project("{FAE04EC0-301F-11D3-BF4B-00C04F79EFBC}") = "HaoShare.Core", "HaoShare.Core\HaoShare.Core.csproj", "{F2240F7A-857B-4FF2-B80A-E3169E21A6F9}"
EndProject
Global
	GlobalSection(SolutionConfigurationPlatforms) = preSolution
		Debug|Any CPU = Debug|Any CPU
		Release|Any CPU = Release|Any CPU
	EndGlobalSection
	GlobalSection(ProjectConfigurationPlatforms) = postSolution
		{B4432ABB-8F30-436F-91D7-34E6F9A140B8}.Debug|Any CPU.ActiveCfg = Debug|Any CPU
		{B4432ABB-8F30-436F-91D7-34E6F9A140B8}.Debug|Any CPU.Build.0 = Debug|Any CPU
		{B4432ABB-8F30-436F-91D7-34E6F9A140B8}.Release|Any CPU.ActiveCfg = Release|Any CPU
		{B4432ABB-8F30-436F-91D7-34E6F9A140B8}.Release|Any CPU.Build.0 = Release|Any CPU
		{D9E13B9C-C9A3-4204-9AD7-EB53D15C2D7F}.Debug|Any CPU.ActiveCfg = Debug|Any CPU
		{D9E13B9C-C9A3-4204-9AD7-EB53D15C2D7F}.Debug|Any CPU.Build.0 = Debug|Any CPU
		{D9E13B9C-C9A3-4204-9AD7-EB53D15C2D7F}.Release|Any CPU.ActiveCfg = Release|Any CPU
		{D9E13B9C-C9A3-4204-9AD7-EB53D15C2D7F}.Release|Any CPU.Build.0 = Release|Any CPU
		{F2240F7A-857B-4FF2-B80A-E3169E21A6F9}.Debug|Any CPU.ActiveCfg = Debug|Any CPU
		{F2240F7A-857B-4FF2-B80A-E3169E21A6F9}.Debug|Any CPU.Build.0 = Debug|Any CPU
		{F2240F7A-857B-4FF2-B80A-E3169E21A6F9}.Release|Any CPU.ActiveCfg = Release|Any CPU
		{F2240F7A-857B-4FF2-B80A-E3169E21A6F9}.Release|Any CPU.Build.0 = Release|Any CPU
	EndGlobalSection
	GlobalSection(SolutionProperties) = preSolution
		HideSolutionNode = FALSE
	EndGlobalSection
EndGlobal
